
Microsoft Visual Studio Solution File, Format Version 12.00
# Visual Studio Version 17
VisualStudioVersion = 17.5.33516.290
MinimumVisualStudioVersion = 10.0.40219.1
Project("{FAE04EC0-301F-11D3-BF4B-00C04F79EFBC}") = "Payment_DotNetandAngular", "Payment_DotNetandAngular\Payment_DotNetandAngular.csproj", "{A012F172-CC03-4B89-87AC-DA900B34C475}"
EndProject
Project("{FAE04EC0-301F-11D3-BF4B-00C04F79EFBC}") = "DbModel", "DbModel\DbModel.csproj", "{DC766A62-DD4D-496F-A05F-6CB4D382C8EF}"
EndProject
Global
	GlobalSection(SolutionConfigurationPlatforms) = preSolution
		Debug|Any CPU = Debug|Any CPU
		Release|Any CPU = Release|Any CPU
	EndGlobalSection
	GlobalSection(ProjectConfigurationPlatforms) = postSolution
		{A012F172-CC03-4B89-87AC-DA900B34C475}.Debug|Any CPU.ActiveCfg = Debug|Any CPU
		{A012F172-CC03-4B89-87AC-DA900B34C475}.Debug|Any CPU.Build.0 = Debug|Any CPU
		{A012F172-CC03-4B89-87AC-DA900B34C475}.Release|Any CPU.ActiveCfg = Release|Any CPU
		{A012F172-CC03-4B89-87AC-DA900B34C475}.Release|Any CPU.Build.0 = Release|Any CPU
		{DC766A62-DD4D-496F-A05F-6CB4D382C8EF}.Debug|Any CPU.ActiveCfg = Debug|Any CPU
		{DC766A62-DD4D-496F-A05F-6CB4D382C8EF}.Debug|Any CPU.Build.0 = Debug|Any CPU
		{DC766A62-DD4D-496F-A05F-6CB4D382C8EF}.Release|Any CPU.ActiveCfg = Release|Any CPU
		{DC766A62-DD4D-496F-A05F-6CB4D382C8EF}.Release|Any CPU.Build.0 = Release|Any CPU
	EndGlobalSection
	GlobalSection(SolutionProperties) = preSolution
		HideSolutionNode = FALSE
	EndGlobalSection
	GlobalSection(ExtensibilityGlobals) = postSolution
		SolutionGuid = {910E421E-F5B3-49AA-965C-F27E24DF0A05}
	EndGlobalSection
EndGlobal
